# This file was autogenerated by Stack.
# You should not edit this file by hand.
# For more information, please see the documentation at:
#   https://docs.haskellstack.org/en/stable/lock_files

packages:
- completed:
    hackage: quickcheck-string-random-0.1.4.0@sha256:dd4a93389e3fb0c061a8d4249a639728a613824f9eaf0c6a5e9fee5c89e69e18,1456
    pantry-tree:
      size: 321
      sha256: 011b9563782ac06c69126e3fff3ad78a8f46a39eb37a6f37b1bb989cf8aee29c
  original:
    hackage: quickcheck-string-random-0.1.4.0@sha256:dd4a93389e3fb0c061a8d4249a639728a613824f9eaf0c6a5e9fee5c89e69e18,1456
- completed:
    hackage: string-random-0.1.4.0@sha256:53b08da76e58163d8bdda8c9096f8c0a5ba062374a0986149dee0e6890fe7f61,2172
    pantry-tree:
      size: 489
      sha256: b2fd82ff3751ba7298a212667266cb44a16794556cbd376acb1183a161f3ca4c
  original:
    hackage: string-random-0.1.4.0@sha256:53b08da76e58163d8bdda8c9096f8c0a5ba062374a0986149dee0e6890fe7f61,2172
snapshots:
- completed:
    size: 533053
    url: https://raw.githubusercontent.com/commercialhaskell/stackage-snapshots/master/lts/16/29.yaml
    sha256: eb8ccc595466edefb9a679f19aec2e283d12f4c6ea5eefded1ebe8bd157d77d1
  original: lts-16.29
